
Microsoft Visual Studio Solution File, Format Version 12.00
# Visual Studio Version 17
VisualStudioVersion = 17.11.35327.3
MinimumVisualStudioVersion = 10.0.40219.1
Project("{FAE04EC0-301F-11D3-BF4B-00C04F79EFBC}") = "LendingPlatform", "LendingPlatform\LendingPlatform.csproj", "{716EB9AF-F9AA-4849-8E15-264CFCE5DFD2}"
EndProject
Project("{FAE04EC0-301F-11D3-BF4B-00C04F79EFBC}") = "LendingPlatformTests", "LendingPlatformTests\LendingPlatformTests.csproj", "{8093CB15-2C51-4503-AAC3-D2B923A792E2}"
EndProject
Global
	GlobalSection(SolutionConfigurationPlatforms) = preSolution
		Debug|Any CPU = Debug|Any CPU
		Release|Any CPU = Release|Any CPU
	EndGlobalSection
	GlobalSection(ProjectConfigurationPlatforms) = postSolution
		{716EB9AF-F9AA-4849-8E15-264CFCE5DFD2}.Debug|Any CPU.ActiveCfg = Debug|Any CPU
		{716EB9AF-F9AA-4849-8E15-264CFCE5DFD2}.Debug|Any CPU.Build.0 = Debug|Any CPU
		{716EB9AF-F9AA-4849-8E15-264CFCE5DFD2}.Release|Any CPU.ActiveCfg = Release|Any CPU
		{716EB9AF-F9AA-4849-8E15-264CFCE5DFD2}.Release|Any CPU.Build.0 = Release|Any CPU
		{8093CB15-2C51-4503-AAC3-D2B923A792E2}.Debug|Any CPU.ActiveCfg = Debug|Any CPU
		{8093CB15-2C51-4503-AAC3-D2B923A792E2}.Debug|Any CPU.Build.0 = Debug|Any CPU
		{8093CB15-2C51-4503-AAC3-D2B923A792E2}.Release|Any CPU.ActiveCfg = Release|Any CPU
		{8093CB15-2C51-4503-AAC3-D2B923A792E2}.Release|Any CPU.Build.0 = Release|Any CPU
	EndGlobalSection
	GlobalSection(SolutionProperties) = preSolution
		HideSolutionNode = FALSE
	EndGlobalSection
	GlobalSection(ExtensibilityGlobals) = postSolution
		SolutionGuid = {DAA0ABC4-E9C3-4FD4-9541-55DAC90DE10A}
	EndGlobalSection
EndGlobal
